
Microsoft Visual Studio Solution File, Format Version 12.00
# Visual Studio Version 16
VisualStudioVersion = 16.0.29318.209
MinimumVisualStudioVersion = 10.0.40219.1
Project("{888888A0-9F3D-457C-B088-3A5042F75D52}") = "PythonProg", "PythonProg\PythonProg.pyproj", "{AC634D2B-5F52-4F44-9578-10B2C140F55B}"
EndProject
Global
	GlobalSection(SolutionConfigurationPlatforms) = preSolution
		Debug|Any CPU = Debug|Any CPU
		Release|Any CPU = Release|Any CPU
	EndGlobalSection
	GlobalSection(ProjectConfigurationPlatforms) = postSolution
		{AC634D2B-5F52-4F44-9578-10B2C140F55B}.Debug|Any CPU.ActiveCfg = Debug|Any CPU
		{AC634D2B-5F52-4F44-9578-10B2C140F55B}.Release|Any CPU.ActiveCfg = Release|Any CPU
	EndGlobalSection
	GlobalSection(SolutionProperties) = preSolution
		HideSolutionNode = FALSE
	EndGlobalSection
	GlobalSection(ExtensibilityGlobals) = postSolution
		SolutionGuid = {0A797B57-6AB8-49B0-BF59-2102A94EF8AD}
	EndGlobalSection
EndGlobal
